
Microsoft Visual Studio Solution File, Format Version 12.00
# Visual Studio 15
Project("{FAE04EC0-301F-11D3-BF4B-00C04F79EFBC}") = "Assembly-CSharp", "Assembly-CSharp.csproj", "{C087F8AF-4FB4-F665-6F56-DE9F4314ABB7}"
EndProject
Global
	GlobalSection(SolutionConfigurationPlatforms) = preSolution
		Debug|Any CPU = Debug|Any CPU
		Release|Any CPU = Release|Any CPU
	EndGlobalSection
	GlobalSection(ProjectConfigurationPlatforms) = postSolution
		{C087F8AF-4FB4-F665-6F56-DE9F4314ABB7}.Debug|Any CPU.ActiveCfg = Debug|Any CPU
		{C087F8AF-4FB4-F665-6F56-DE9F4314ABB7}.Debug|Any CPU.Build.0 = Debug|Any CPU
		{C087F8AF-4FB4-F665-6F56-DE9F4314ABB7}.Release|Any CPU.ActiveCfg = Release|Any CPU
		{C087F8AF-4FB4-F665-6F56-DE9F4314ABB7}.Release|Any CPU.Build.0 = Release|Any CPU
	EndGlobalSection
	GlobalSection(SolutionProperties) = preSolution
		HideSolutionNode = FALSE
	EndGlobalSection
EndGlobal
